
Microsoft Visual Studio Solution File, Format Version 12.00
# Visual Studio Version 17
VisualStudioVersion = 17.5.33530.505
MinimumVisualStudioVersion = 10.0.40219.1
Project("{9A19103F-16F7-4668-BE54-9A1E7A4F7556}") = "Api", "Api.csproj", "{81FC1D54-F03D-4DEA-B8C5-C995E3DCC6A5}"
EndProject
Project("{2150E333-8FDC-42A3-9474-1A3956D46DE8}") = "Infrastructure", "Infrastructure", "{12B09D8C-5E93-49CC-983C-AD922058120B}"
EndProject
Project("{2150E333-8FDC-42A3-9474-1A3956D46DE8}") = "Application", "Application", "{C601E7F4-2BCE-4D95-9EDA-7991B3EFB010}"
EndProject
Project("{9A19103F-16F7-4668-BE54-9A1E7A4F7556}") = "Logic", "..\Logic\Logic.csproj", "{6B201097-B684-47CE-9049-A1520F14951E}"
EndProject
Project("{9A19103F-16F7-4668-BE54-9A1E7A4F7556}") = "Domain", "..\Domain\Domain.csproj", "{C1CCDE43-59A4-4FFB-9316-352936765A93}"
EndProject
Project("{9A19103F-16F7-4668-BE54-9A1E7A4F7556}") = "DataAccess", "..\DataAccess\DataAccess.csproj", "{F152B7E1-E073-4DA4-9A82-A8EC48E0A6FE}"
EndProject
Project("{9A19103F-16F7-4668-BE54-9A1E7A4F7556}") = "DataAccess.SqlLite", "..\DataAccessSqlLite\DataAccess.SqlLite.csproj", "{276A12B3-36DB-4047-B0E6-31B9E8A7C1B5}"
EndProject
Global
	GlobalSection(SolutionConfigurationPlatforms) = preSolution
		Debug|Any CPU = Debug|Any CPU
		Release|Any CPU = Release|Any CPU
	EndGlobalSection
	GlobalSection(ProjectConfigurationPlatforms) = postSolution
		{81FC1D54-F03D-4DEA-B8C5-C995E3DCC6A5}.Debug|Any CPU.ActiveCfg = Debug|Any CPU
		{81FC1D54-F03D-4DEA-B8C5-C995E3DCC6A5}.Debug|Any CPU.Build.0 = Debug|Any CPU
		{81FC1D54-F03D-4DEA-B8C5-C995E3DCC6A5}.Release|Any CPU.ActiveCfg = Release|Any CPU
		{81FC1D54-F03D-4DEA-B8C5-C995E3DCC6A5}.Release|Any CPU.Build.0 = Release|Any CPU
		{6B201097-B684-47CE-9049-A1520F14951E}.Debug|Any CPU.ActiveCfg = Debug|Any CPU
		{6B201097-B684-47CE-9049-A1520F14951E}.Debug|Any CPU.Build.0 = Debug|Any CPU
		{6B201097-B684-47CE-9049-A1520F14951E}.Release|Any CPU.ActiveCfg = Release|Any CPU
		{6B201097-B684-47CE-9049-A1520F14951E}.Release|Any CPU.Build.0 = Release|Any CPU
		{C1CCDE43-59A4-4FFB-9316-352936765A93}.Debug|Any CPU.ActiveCfg = Debug|Any CPU
		{C1CCDE43-59A4-4FFB-9316-352936765A93}.Debug|Any CPU.Build.0 = Debug|Any CPU
		{C1CCDE43-59A4-4FFB-9316-352936765A93}.Release|Any CPU.ActiveCfg = Release|Any CPU
		{C1CCDE43-59A4-4FFB-9316-352936765A93}.Release|Any CPU.Build.0 = Release|Any CPU
		{F152B7E1-E073-4DA4-9A82-A8EC48E0A6FE}.Debug|Any CPU.ActiveCfg = Debug|Any CPU
		{F152B7E1-E073-4DA4-9A82-A8EC48E0A6FE}.Debug|Any CPU.Build.0 = Debug|Any CPU
		{F152B7E1-E073-4DA4-9A82-A8EC48E0A6FE}.Release|Any CPU.ActiveCfg = Release|Any CPU
		{F152B7E1-E073-4DA4-9A82-A8EC48E0A6FE}.Release|Any CPU.Build.0 = Release|Any CPU
		{276A12B3-36DB-4047-B0E6-31B9E8A7C1B5}.Debug|Any CPU.ActiveCfg = Debug|Any CPU
		{276A12B3-36DB-4047-B0E6-31B9E8A7C1B5}.Debug|Any CPU.Build.0 = Debug|Any CPU
		{276A12B3-36DB-4047-B0E6-31B9E8A7C1B5}.Release|Any CPU.ActiveCfg = Release|Any CPU
		{276A12B3-36DB-4047-B0E6-31B9E8A7C1B5}.Release|Any CPU.Build.0 = Release|Any CPU
	EndGlobalSection
	GlobalSection(SolutionProperties) = preSolution
		HideSolutionNode = FALSE
	EndGlobalSection
	GlobalSection(NestedProjects) = preSolution
		{6B201097-B684-47CE-9049-A1520F14951E} = {C601E7F4-2BCE-4D95-9EDA-7991B3EFB010}
		{C1CCDE43-59A4-4FFB-9316-352936765A93} = {C601E7F4-2BCE-4D95-9EDA-7991B3EFB010}
		{F152B7E1-E073-4DA4-9A82-A8EC48E0A6FE} = {12B09D8C-5E93-49CC-983C-AD922058120B}
		{276A12B3-36DB-4047-B0E6-31B9E8A7C1B5} = {12B09D8C-5E93-49CC-983C-AD922058120B}
	EndGlobalSection
	GlobalSection(ExtensibilityGlobals) = postSolution
		SolutionGuid = {E02C0777-C457-4CA5-9B63-D8F8E2461184}
	EndGlobalSection
EndGlobal
